
Microsoft Visual Studio Solution File, Format Version 12.00
# Visual Studio 2012
Project("{FAE04EC0-301F-11D3-BF4B-00C04F79EFBC}") = "Test.RubyPInvoke", "Test.RubyPInvoke\Test.RubyPInvoke.csproj", "{EB8ED621-8A67-4DCE-9422-8E56F4D20F82}"
EndProject
Project("{FAE04EC0-301F-11D3-BF4B-00C04F79EFBC}") = "RubyPInvoke", "RubyPInvoke\RubyPInvoke.csproj", "{13BCB003-7DD4-4864-918D-E4F41B4DBBBC}"
EndProject
Global
	GlobalSection(SolutionConfigurationPlatforms) = preSolution
		Debug200|Any CPU = Debug200|Any CPU
		Debug210|Any CPU = Debug210|Any CPU
		Release200|Any CPU = Release200|Any CPU
		Release210|Any CPU = Release210|Any CPU
	EndGlobalSection
	GlobalSection(ProjectConfigurationPlatforms) = postSolution
		{13BCB003-7DD4-4864-918D-E4F41B4DBBBC}.Debug200|Any CPU.ActiveCfg = Debug200|Any CPU
		{13BCB003-7DD4-4864-918D-E4F41B4DBBBC}.Debug200|Any CPU.Build.0 = Debug200|Any CPU
		{13BCB003-7DD4-4864-918D-E4F41B4DBBBC}.Debug210|Any CPU.ActiveCfg = Debug210|Any CPU
		{13BCB003-7DD4-4864-918D-E4F41B4DBBBC}.Debug210|Any CPU.Build.0 = Debug210|Any CPU
		{13BCB003-7DD4-4864-918D-E4F41B4DBBBC}.Release200|Any CPU.ActiveCfg = Release200|Any CPU
		{13BCB003-7DD4-4864-918D-E4F41B4DBBBC}.Release200|Any CPU.Build.0 = Release200|Any CPU
		{13BCB003-7DD4-4864-918D-E4F41B4DBBBC}.Release210|Any CPU.ActiveCfg = Release210|Any CPU
		{13BCB003-7DD4-4864-918D-E4F41B4DBBBC}.Release210|Any CPU.Build.0 = Release210|Any CPU
		{EB8ED621-8A67-4DCE-9422-8E56F4D20F82}.Debug200|Any CPU.ActiveCfg = Debug200|Any CPU
		{EB8ED621-8A67-4DCE-9422-8E56F4D20F82}.Debug200|Any CPU.Build.0 = Debug200|Any CPU
		{EB8ED621-8A67-4DCE-9422-8E56F4D20F82}.Debug210|Any CPU.ActiveCfg = Debug210|Any CPU
		{EB8ED621-8A67-4DCE-9422-8E56F4D20F82}.Debug210|Any CPU.Build.0 = Debug210|Any CPU
		{EB8ED621-8A67-4DCE-9422-8E56F4D20F82}.Release200|Any CPU.ActiveCfg = Release200|Any CPU
		{EB8ED621-8A67-4DCE-9422-8E56F4D20F82}.Release200|Any CPU.Build.0 = Release200|Any CPU
		{EB8ED621-8A67-4DCE-9422-8E56F4D20F82}.Release210|Any CPU.ActiveCfg = Release210|Any CPU
		{EB8ED621-8A67-4DCE-9422-8E56F4D20F82}.Release210|Any CPU.Build.0 = Release210|Any CPU
	EndGlobalSection
	GlobalSection(MonoDevelopProperties) = preSolution
		StartupItem = Test.RubyPInvoke\Test.RubyPInvoke.csproj
		Policies = $0
		$0.TextStylePolicy = $1
		$1.FileWidth = 120
		$1.TabWidth = 3
		$1.IndentWidth = 3
		$1.inheritsSet = VisualStudio
		$1.inheritsScope = text/plain
		$1.scope = text/x-csharp
		$0.CSharpFormattingPolicy = $2
		$2.BeforeMethodDeclarationParentheses = False
		$2.BeforeMethodCallParentheses = False
		$2.BeforeConstructorDeclarationParentheses = False
		$2.BeforeIndexerDeclarationBracket = False
		$2.BeforeDelegateDeclarationParentheses = False
		$2.AfterDelegateDeclarationParameterComma = True
		$2.NewParentheses = False
		$2.SpacesBeforeBrackets = False
		$2.inheritsSet = Mono
		$2.inheritsScope = text/x-csharp
		$2.scope = text/x-csharp
	EndGlobalSection
EndGlobal
